// !$*UTF8*$!
{
	archiveVersion = 1;
	classes = {
	};
	objectVersion = 55;
	objects = {

/* Begin PBXBuildFile section */
		5749407128DB2F3F00C83464 /* AppDelegate.swift in Sources */ = {isa = PBXBuildFile; fileRef = 5749407028DB2F3F00C83464 /* AppDelegate.swift */; };
		5749407328DB2F3F00C83464 /* SceneDelegate.swift in Sources */ = {isa = PBXBuildFile; fileRef = 5749407228DB2F3F00C83464 /* SceneDelegate.swift */; };
		5749407828DB2F3F00C83464 /* Main.storyboard in Resources */ = {isa = PBXBuildFile; fileRef = 5749407628DB2F3F00C83464 /* Main.storyboard */; };
		5749407B28DB2F4000C83464 /* ToDoApp.xcdatamodeld in Sources */ = {isa = PBXBuildFile; fileRef = 5749407928DB2F4000C83464 /* ToDoApp.xcdatamodeld */; };
		5749407D28DB2F4000C83464 /* Assets.xcassets in Resources */ = {isa = PBXBuildFile; fileRef = 5749407C28DB2F4000C83464 /* Assets.xcassets */; };
		5749408028DB2F4000C83464 /* LaunchScreen.storyboard in Resources */ = {isa = PBXBuildFile; fileRef = 5749407E28DB2F4000C83464 /* LaunchScreen.storyboard */; };
		5749408B28DB352800C83464 /* MemoData+CoreDataClass.swift in Sources */ = {isa = PBXBuildFile; fileRef = 5749408928DB352800C83464 /* MemoData+CoreDataClass.swift */; };
		5749408C28DB352800C83464 /* MemoData+CoreDataProperties.swift in Sources */ = {isa = PBXBuildFile; fileRef = 5749408A28DB352800C83464 /* MemoData+CoreDataProperties.swift */; };
		574DE29428DB4BD2009DE70B /* ViewController.swift in Sources */ = {isa = PBXBuildFile; fileRef = 574DE29328DB4BD2009DE70B /* ViewController.swift */; };
		574DE29628DB4E28009DE70B /* ToDoCell.swift in Sources */ = {isa = PBXBuildFile; fileRef = 574DE29528DB4E28009DE70B /* ToDoCell.swift */; };
		574DE29928DB5183009DE70B /* MyColor.swift in Sources */ = {isa = PBXBuildFile; fileRef = 574DE29828DB5183009DE70B /* MyColor.swift */; };
		574DE29B28DB56D2009DE70B /* CoreDataManager.swift in Sources */ = {isa = PBXBuildFile; fileRef = 574DE29A28DB56D2009DE70B /* CoreDataManager.swift */; };
		574DE29D28DB570D009DE70B /* DetailViewController.swift in Sources */ = {isa = PBXBuildFile; fileRef = 574DE29C28DB570D009DE70B /* DetailViewController.swift */; };
		57BE869B28DC36F900B9B079 /* UIColor+Extension.swift in Sources */ = {isa = PBXBuildFile; fileRef = 57BE869A28DC36F900B9B079 /* UIColor+Extension.swift */; };
/* End PBXBuildFile section */

/* Begin PBXFileReference section */
		5749406D28DB2F3F00C83464 /* ToDoApp.app */ = {isa = PBXFileReference; explicitFileType = wrapper.application; includeInIndex = 0; path = ToDoApp.app; sourceTree = BUILT_PRODUCTS_DIR; };
		5749407028DB2F3F00C83464 /* AppDelegate.swift */ = {isa = PBXFileReference; lastKnownFileType = sourcecode.swift; path = AppDelegate.swift; sourceTree = "<group>"; };
		5749407228DB2F3F00C83464 /* SceneDelegate.swift */ = {isa = PBXFileReference; lastKnownFileType = sourcecode.swift; path = SceneDelegate.swift; sourceTree = "<group>"; };
		5749407728DB2F3F00C83464 /* Base */ = {isa = PBXFileReference; lastKnownFileType = file.storyboard; name = Base; path = Base.lproj/Main.storyboard; sourceTree = "<group>"; };
		5749407A28DB2F4000C83464 /* ToDoApp.xcdatamodel */ = {isa = PBXFileReference; lastKnownFileType = wrapper.xcdatamodel; path = ToDoApp.xcdatamodel; sourceTree = "<group>"; };
		5749407C28DB2F4000C83464 /* Assets.xcassets */ = {isa = PBXFileReference; lastKnownFileType = folder.assetcatalog; path = Assets.xcassets; sourceTree = "<group>"; };
		5749407F28DB2F4000C83464 /* Base */ = {isa = PBXFileReference; lastKnownFileType = file.storyboard; name = Base; path = Base.lproj/LaunchScreen.storyboard; sourceTree = "<group>"; };
		5749408128DB2F4000C83464 /* Info.plist */ = {isa = PBXFileReference; lastKnownFileType = text.plist.xml; path = Info.plist; sourceTree = "<group>"; };
		5749408928DB352800C83464 /* MemoData+CoreDataClass.swift */ = {isa = PBXFileReference; lastKnownFileType = sourcecode.swift; path = "MemoData+CoreDataClass.swift"; sourceTree = "<group>"; };
		5749408A28DB352800C83464 /* MemoData+CoreDataProperties.swift */ = {isa = PBXFileReference; lastKnownFileType = sourcecode.swift; path = "MemoData+CoreDataProperties.swift"; sourceTree = "<group>"; };
		574DE29328DB4BD2009DE70B /* ViewController.swift */ = {isa = PBXFileReference; lastKnownFileType = sourcecode.swift; path = ViewController.swift; sourceTree = "<group>"; };
		574DE29528DB4E28009DE70B /* ToDoCell.swift */ = {isa = PBXFileReference; lastKnownFileType = sourcecode.swift; path = ToDoCell.swift; sourceTree = "<group>"; };
		574DE29828DB5183009DE70B /* MyColor.swift */ = {isa = PBXFileReference; lastKnownFileType = sourcecode.swift; path = MyColor.swift; sourceTree = "<group>"; };
		574DE29A28DB56D2009DE70B /* CoreDataManager.swift */ = {isa = PBXFileReference; lastKnownFileType = sourcecode.swift; path = CoreDataManager.swift; sourceTree = "<group>"; };
		574DE29C28DB570D009DE70B /* DetailViewController.swift */ = {isa = PBXFileReference; lastKnownFileType = sourcecode.swift; path = DetailViewController.swift; sourceTree = "<group>"; };
		57BE869A28DC36F900B9B079 /* UIColor+Extension.swift */ = {isa = PBXFileReference; lastKnownFileType = sourcecode.swift; path = "UIColor+Extension.swift"; sourceTree = "<group>"; };
/* End PBXFileReference section */

/* Begin PBXFrameworksBuildPhase section */
		5749406A28DB2F3F00C83464 /* Frameworks */ = {
			isa = PBXFrameworksBuildPhase;
			buildActionMask = 2147483647;
			files = (
			);
			runOnlyForDeploymentPostprocessing = 0;
		};
/* End PBXFrameworksBuildPhase section */

/* Begin PBXGroup section */
		5749406428DB2F3F00C83464 = {
			isa = PBXGroup;
			children = (
				5749406F28DB2F3F00C83464 /* ToDoApp */,
				5749406E28DB2F3F00C83464 /* Products */,
			);
			sourceTree = "<group>";
		};
		5749406E28DB2F3F00C83464 /* Products */ = {
			isa = PBXGroup;
			children = (
				5749406D28DB2F3F00C83464 /* ToDoApp.app */,
			);
			name = Products;
			sourceTree = "<group>";
		};
		5749406F28DB2F3F00C83464 /* ToDoApp */ = {
			isa = PBXGroup;
			children = (
				5749407028DB2F3F00C83464 /* AppDelegate.swift */,
				5749407228DB2F3F00C83464 /* SceneDelegate.swift */,
				574DE29728DB516B009DE70B /* Helper */,
				5749408F28DB377A00C83464 /* Models */,
				5749408E28DB377500C83464 /* Views */,
				5749408D28DB376B00C83464 /* Controllers */,
				5749407C28DB2F4000C83464 /* Assets.xcassets */,
				5749407E28DB2F4000C83464 /* LaunchScreen.storyboard */,
				5749408128DB2F4000C83464 /* Info.plist */,
				5749407928DB2F4000C83464 /* ToDoApp.xcdatamodeld */,
			);
			path = ToDoApp;
			sourceTree = "<group>";
		};
		5749408D28DB376B00C83464 /* Controllers */ = {
			isa = PBXGroup;
			children = (
				574DE29328DB4BD2009DE70B /* ViewController.swift */,
				574DE29C28DB570D009DE70B /* DetailViewController.swift */,
			);
			path = Controllers;
			sourceTree = "<group>";
		};
		5749408E28DB377500C83464 /* Views */ = {
			isa = PBXGroup;
			children = (
				5749407628DB2F3F00C83464 /* Main.storyboard */,
				574DE29528DB4E28009DE70B /* ToDoCell.swift */,
			);
			path = Views;
			sourceTree = "<group>";
		};
		5749408F28DB377A00C83464 /* Models */ = {
			isa = PBXGroup;
			children = (
				5749408928DB352800C83464 /* MemoData+CoreDataClass.swift */,
				5749408A28DB352800C83464 /* MemoData+CoreDataProperties.swift */,
				574DE29A28DB56D2009DE70B /* CoreDataManager.swift */,
			);
			path = Models;
			sourceTree = "<group>";
		};
		574DE29728DB516B009DE70B /* Helper */ = {
			isa = PBXGroup;
			children = (
				574DE29828DB5183009DE70B /* MyColor.swift */,
				57BE869A28DC36F900B9B079 /* UIColor+Extension.swift */,
			);
			path = Helper;
			sourceTree = "<group>";
		};
/* End PBXGroup section */

/* Begin PBXNativeTarget section */
		5749406C28DB2F3F00C83464 /* ToDoApp */ = {
			isa = PBXNativeTarget;
			buildConfigurationList = 5749408428DB2F4000C83464 /* Build configuration list for PBXNativeTarget "ToDoApp" */;
			buildPhases = (
				5749406928DB2F3F00C83464 /* Sources */,
				5749406A28DB2F3F00C83464 /* Frameworks */,
				5749406B28DB2F3F00C83464 /* Resources */,
			);
			buildRules = (
			);
			dependencies = (
			);
			name = ToDoApp;
			productName = ToDoApp;
			productReference = 5749406D28DB2F3F00C83464 /* ToDoApp.app */;
			productType = "com.apple.product-type.application";
		};
/* End PBXNativeTarget section */

/* Begin PBXProject section */
		5749406528DB2F3F00C83464 /* Project object */ = {
			isa = PBXProject;
			attributes = {
				BuildIndependentTargetsInParallel = 1;
				LastSwiftUpdateCheck = 1340;
				LastUpgradeCheck = 1340;
				TargetAttributes = {
					5749406C28DB2F3F00C83464 = {
						CreatedOnToolsVersion = 13.4.1;
					};
				};
			};
			buildConfigurationList = 5749406828DB2F3F00C83464 /* Build configuration list for PBXProject "ToDoApp" */;
			compatibilityVersion = "Xcode 13.0";
			developmentRegion = en;
			hasScannedForEncodings = 0;
			knownRegions = (
				en,
				Base,
			);
			mainGroup = 5749406428DB2F3F00C83464;
			productRefGroup = 5749406E28DB2F3F00C83464 /* Products */;
			projectDirPath = "";
			projectRoot = "";
			targets = (
				5749406C28DB2F3F00C83464 /* ToDoApp */,
			);
		};
/* End PBXProject section */

/* Begin PBXResourcesBuildPhase section */
		5749406B28DB2F3F00C83464 /* Resources */ = {
			isa = PBXResourcesBuildPhase;
			buildActionMask = 2147483647;
			files = (
				5749408028DB2F4000C83464 /* LaunchScreen.storyboard in Resources */,
				5749407D28DB2F4000C83464 /* Assets.xcassets in Resources */,
				5749407828DB2F3F00C83464 /* Main.storyboard in Resources */,
			);
			runOnlyForDeploymentPostprocessing = 0;
		};
/* End PBXResourcesBuildPhase section */

/* Begin PBXSourcesBuildPhase section */
		5749406928DB2F3F00C83464 /* Sources */ = {
			isa = PBXSourcesBuildPhase;
			buildActionMask = 2147483647;
			files = (
				574DE29428DB4BD2009DE70B /* ViewController.swift in Sources */,
				5749408B28DB352800C83464 /* MemoData+CoreDataClass.swift in Sources */,
				574DE29628DB4E28009DE70B /* ToDoCell.swift in Sources */,
				57BE869B28DC36F900B9B079 /* UIColor+Extension.swift in Sources */,
				5749407128DB2F3F00C83464 /* AppDelegate.swift in Sources */,
				5749408C28DB352800C83464 /* MemoData+CoreDataProperties.swift in Sources */,
				574DE29928DB5183009DE70B /* MyColor.swift in Sources */,
				574DE29B28DB56D2009DE70B /* CoreDataManager.swift in Sources */,
				574DE29D28DB570D009DE70B /* DetailViewController.swift in Sources */,
				5749407328DB2F3F00C83464 /* SceneDelegate.swift in Sources */,
				5749407B28DB2F4000C83464 /* ToDoApp.xcdatamodeld in Sources */,
			);
			runOnlyForDeploymentPostprocessing = 0;
		};
/* End PBXSourcesBuildPhase section */

/* Begin PBXVariantGroup section */
		5749407628DB2F3F00C83464 /* Main.storyboard */ = {
			isa = PBXVariantGroup;
			children = (
				5749407728DB2F3F00C83464 /* Base */,
			);
			name = Main.storyboard;
			sourceTree = "<group>";
		};
		5749407E28DB2F4000C83464 /* LaunchScreen.storyboard */ = {
			isa = PBXVariantGroup;
			children = (
				5749407F28DB2F4000C83464 /* Base */,
			);
			name = LaunchScreen.storyboard;
			sourceTree = "<group>";
		};
/* End PBXVariantGroup section */

/* Begin XCBuildConfiguration section */
		5749408228DB2F4000C83464 /* Debug */ = {
			isa = XCBuildConfiguration;
			buildSettings = {
				ALWAYS_SEARCH_USER_PATHS = NO;
				CLANG_ANALYZER_NONNULL = YES;
				CLANG_ANALYZER_NUMBER_OBJECT_CONVERSION = YES_AGGRESSIVE;
				CLANG_CXX_LANGUAGE_STANDARD = "gnu++17";
				CLANG_ENABLE_MODULES = YES;
				CLANG_ENABLE_OBJC_ARC = YES;
				CLANG_ENABLE_OBJC_WEAK = YES;
				CLANG_WARN_BLOCK_CAPTURE_AUTORELEASING = YES;
				CLANG_WARN_BOOL_CONVERSION = YES;
				CLANG_WARN_COMMA = YES;
				CLANG_WARN_CONSTANT_CONVERSION = YES;
				CLANG_WARN_DEPRECATED_OBJC_IMPLEMENTATIONS = YES;
				CLANG_WARN_DIRECT_OBJC_ISA_USAGE = YES_ERROR;
				CLANG_WARN_DOCUMENTATION_COMMENTS = YES;
				CLANG_WARN_EMPTY_BODY = YES;
				CLANG_WARN_ENUM_CONVERSION = YES;
				CLANG_WARN_INFINITE_RECURSION = YES;
				CLANG_WARN_INT_CONVERSION = YES;
				CLANG_WARN_NON_LITERAL_NULL_CONVERSION = YES;
				CLANG_WARN_OBJC_IMPLICIT_RETAIN_SELF = YES;
				CLANG_WARN_OBJC_LITERAL_CONVERSION = YES;
				CLANG_WARN_OBJC_ROOT_CLASS = YES_ERROR;
				CLANG_WARN_QUOTED_INCLUDE_IN_FRAMEWORK_HEADER = YES;
				CLANG_WARN_RANGE_LOOP_ANALYSIS = YES;
				CLANG_WARN_STRICT_PROTOTYPES = YES;
				CLANG_WARN_SUSPICIOUS_MOVE = YES;
				CLANG_WARN_UNGUARDED_AVAILABILITY = YES_AGGRESSIVE;
				CLANG_WARN_UNREACHABLE_CODE = YES;
				CLANG_WARN__DUPLICATE_METHOD_MATCH = YES;
				COPY_PHASE_STRIP = NO;
				DEBUG_INFORMATION_FORMAT = dwarf;
				ENABLE_STRICT_OBJC_MSGSEND = YES;
				ENABLE_TESTABILITY = YES;
				GCC_C_LANGUAGE_STANDARD = gnu11;
				GCC_DYNAMIC_NO_PIC = NO;
				GCC_NO_COMMON_BLOCKS = YES;
				GCC_OPTIMIZATION_LEVEL = 0;
				GCC_PREPROCESSOR_DEFINITIONS = (
					"DEBUG=1",
					"$(inherited)",
				);
				GCC_WARN_64_TO_32_BIT_CONVERSION = YES;
				GCC_WARN_ABOUT_RETURN_TYPE = YES_ERROR;
				GCC_WARN_UNDECLARED_SELECTOR = YES;
				GCC_WARN_UNINITIALIZED_AUTOS = YES_AGGRESSIVE;
				GCC_WARN_UNUSED_FUNCTION = YES;
				GCC_WARN_UNUSED_VARIABLE = YES;
				IPHONEOS_DEPLOYMENT_TARGET = 15.5;
				MTL_ENABLE_DEBUG_INFO = INCLUDE_SOURCE;
				MTL_FAST_MATH = YES;
				ONLY_ACTIVE_ARCH = YES;
				SDKROOT = iphoneos;
				SWIFT_ACTIVE_COMPILATION_CONDITIONS = DEBUG;
				SWIFT_OPTIMIZATION_LEVEL = "-Onone";
			};
			name = Debug;
		};
		5749408328DB2F4000C83464 /* Release */ = {
			isa = XCBuildConfiguration;
			buildSettings = {
				ALWAYS_SEARCH_USER_PATHS = NO;
				CLANG_ANALYZER_NONNULL = YES;
				CLANG_ANALYZER_NUMBER_OBJECT_CONVERSION = YES_AGGRESSIVE;
				CLANG_CXX_LANGUAGE_STANDARD = "gnu++17";
				CLANG_ENABLE_MODULES = YES;
				CLANG_ENABLE_OBJC_ARC = YES;
				CLANG_ENABLE_OBJC_WEAK = YES;
				CLANG_WARN_BLOCK_CAPTURE_AUTORELEASING = YES;
				CLANG_WARN_BOOL_CONVERSION = YES;
				CLANG_WARN_COMMA = YES;
				CLANG_WARN_CONSTANT_CONVERSION = YES;
				CLANG_WARN_DEPRECATED_OBJC_IMPLEMENTATIONS = YES;
				CLANG_WARN_DIRECT_OBJC_ISA_USAGE = YES_ERROR;
				CLANG_WARN_DOCUMENTATION_COMMENTS = YES;
				CLANG_WARN_EMPTY_BODY = YES;
				CLANG_WARN_ENUM_CONVERSION = YES;
				CLANG_WARN_INFINITE_RECURSION = YES;
				CLANG_WARN_INT_CONVERSION = YES;
				CLANG_WARN_NON_LITERAL_NULL_CONVERSION = YES;
				CLANG_WARN_OBJC_IMPLICIT_RETAIN_SELF = YES;
				CLANG_WARN_OBJC_LITERAL_CONVERSION = YES;
				CLANG_WARN_OBJC_ROOT_CLASS = YES_ERROR;
				CLANG_WARN_QUOTED_INCLUDE_IN_FRAMEWORK_HEADER = YES;
				CLANG_WARN_RANGE_LOOP_ANALYSIS = YES;
				CLANG_WARN_STRICT_PROTOTYPES = YES;
				CLANG_WARN_SUSPICIOUS_MOVE = YES;
				CLANG_WARN_UNGUARDED_AVAILABILITY = YES_AGGRESSIVE;
				CLANG_WARN_UNREACHABLE_CODE = YES;
				CLANG_WARN__DUPLICATE_METHOD_MATCH = YES;
				COPY_PHASE_STRIP = NO;
				DEBUG_INFORMATION_FORMAT = "dwarf-with-dsym";
				ENABLE_NS_ASSERTIONS = NO;
				ENABLE_STRICT_OBJC_MSGSEND = YES;
				GCC_C_LANGUAGE_STANDARD = gnu11;
				GCC_NO_COMMON_BLOCKS = YES;
				GCC_WARN_64_TO_32_BIT_CONVERSION = YES;
				GCC_WARN_ABOUT_RETURN_TYPE = YES_ERROR;
				GCC_WARN_UNDECLARED_SELECTOR = YES;
				GCC_WARN_UNINITIALIZED_AUTOS = YES_AGGRESSIVE;
				GCC_WARN_UNUSED_FUNCTION = YES;
				GCC_WARN_UNUSED_VARIABLE = YES;
				IPHONEOS_DEPLOYMENT_TARGET = 15.5;
				MTL_ENABLE_DEBUG_INFO = NO;
				MTL_FAST_MATH = YES;
				SDKROOT = iphoneos;
				SWIFT_COMPILATION_MODE = wholemodule;
				SWIFT_OPTIMIZATION_LEVEL = "-O";
				VALIDATE_PRODUCT = YES;
			};
			name = Release;
		};
		5749408528DB2F4000C83464 /* Debug */ = {
			isa = XCBuildConfiguration;
			buildSettings = {
				ASSETCATALOG_COMPILER_APPICON_NAME = AppIcon;
				ASSETCATALOG_COMPILER_GLOBAL_ACCENT_COLOR_NAME = AccentColor;
				CODE_SIGN_STYLE = Automatic;
				CURRENT_PROJECT_VERSION = 1;
				DEVELOPMENT_TEAM = 5DFZR8RCQR;
				GENERATE_INFOPLIST_FILE = YES;
				INFOPLIST_FILE = ToDoApp/Info.plist;
				INFOPLIST_KEY_UIApplicationSupportsIndirectInputEvents = YES;
				INFOPLIST_KEY_UILaunchStoryboardName = LaunchScreen;
				INFOPLIST_KEY_UIMainStoryboardFile = Main;
				INFOPLIST_KEY_UISupportedInterfaceOrientations_iPad = "UIInterfaceOrientationPortrait UIInterfaceOrientationPortraitUpsideDown UIInterfaceOrientationLandscapeLeft UIInterfaceOrientationLandscapeRight";
				INFOPLIST_KEY_UISupportedInterfaceOrientations_iPhone = "UIInterfaceOrientationPortrait UIInterfaceOrientationLandscapeLeft UIInterfaceOrientationLandscapeRight";
				LD_RUNPATH_SEARCH_PATHS = (
					"$(inherited)",
					"@executable_path/Frameworks",
				);
				MARKETING_VERSION = 1.0;
				PRODUCT_BUNDLE_IDENTIFIER = kr.ac.tukorea.ce.ios.ToDoApp;
				PRODUCT_NAME = "$(TARGET_NAME)";
				SWIFT_EMIT_LOC_STRINGS = YES;
				SWIFT_VERSION = 5.0;
				TARGETED_DEVICE_FAMILY = "1,2";
			};
			name = Debug;
		};
		5749408628DB2F4000C83464 /* Release */ = {
			isa = XCBuildConfiguration;
			buildSettings = {
				ASSETCATALOG_COMPILER_APPICON_NAME = AppIcon;
				ASSETCATALOG_COMPILER_GLOBAL_ACCENT_COLOR_NAME = AccentColor;
				CODE_SIGN_STYLE = Automatic;
				CURRENT_PROJECT_VERSION = 1;
				DEVELOPMENT_TEAM = 5DFZR8RCQR;
				GENERATE_INFOPLIST_FILE = YES;
				INFOPLIST_FILE = ToDoApp/Info.plist;
				INFOPLIST_KEY_UIApplicationSupportsIndirectInputEvents = YES;
				INFOPLIST_KEY_UILaunchStoryboardName = LaunchScreen;
				INFOPLIST_KEY_UIMainStoryboardFile = Main;
				INFOPLIST_KEY_UISupportedInterfaceOrientations_iPad = "UIInterfaceOrientationPortrait UIInterfaceOrientationPortraitUpsideDown UIInterfaceOrientationLandscapeLeft UIInterfaceOrientationLandscapeRight";
				INFOPLIST_KEY_UISupportedInterfaceOrientations_iPhone = "UIInterfaceOrientationPortrait UIInterfaceOrientationLandscapeLeft UIInterfaceOrientationLandscapeRight";
				LD_RUNPATH_SEARCH_PATHS = (
					"$(inherited)",
					"@executable_path/Frameworks",
				);
				MARKETING_VERSION = 1.0;
				PRODUCT_BUNDLE_IDENTIFIER = kr.ac.tukorea.ce.ios.ToDoApp;
				PRODUCT_NAME = "$(TARGET_NAME)";
				SWIFT_EMIT_LOC_STRINGS = YES;
				SWIFT_VERSION = 5.0;
				TARGETED_DEVICE_FAMILY = "1,2";
			};
			name = Release;
		};
/* End XCBuildConfiguration section */

/* Begin XCConfigurationList section */
		5749406828DB2F3F00C83464 /* Build configuration list for PBXProject "ToDoApp" */ = {
			isa = XCConfigurationList;
			buildConfigurations = (
				5749408228DB2F4000C83464 /* Debug */,
				5749408328DB2F4000C83464 /* Release */,
			);
			defaultConfigurationIsVisible = 0;
			defaultConfigurationName = Release;
		};
		5749408428DB2F4000C83464 /* Build configuration list for PBXNativeTarget "ToDoApp" */ = {
			isa = XCConfigurationList;
			buildConfigurations = (
				5749408528DB2F4000C83464 /* Debug */,
				5749408628DB2F4000C83464 /* Release */,
			);
			defaultConfigurationIsVisible = 0;
			defaultConfigurationName = Release;
		};
/* End XCConfigurationList section */

/* Begin XCVersionGroup section */
		5749407928DB2F4000C83464 /* ToDoApp.xcdatamodeld */ = {
			isa = XCVersionGroup;
			children = (
				5749407A28DB2F4000C83464 /* ToDoApp.xcdatamodel */,
			);
			currentVersion = 5749407A28DB2F4000C83464 /* ToDoApp.xcdatamodel */;
			path = ToDoApp.xcdatamodeld;
			sourceTree = "<group>";
			versionGroupType = wrapper.xcdatamodel;
		};
/* End XCVersionGroup section */
	};
	rootObject = 5749406528DB2F3F00C83464 /* Project object */;
}
